// !$*UTF8*$!
{
	archiveVersion = 1;
	classes = {
	};
	objectVersion = 46;
	objects = {

/* Begin PBXBuildFile section */
		A02BD2771C8FA2DB00DCFF33 /* AppDelegate.swift in Sources */ = {isa = PBXBuildFile; fileRef = A02BD2761C8FA2DB00DCFF33 /* AppDelegate.swift */; };
		A02BD2791C8FA2DB00DCFF33 /* ViewController.swift in Sources */ = {isa = PBXBuildFile; fileRef = A02BD2781C8FA2DB00DCFF33 /* ViewController.swift */; };
		A02BD27C1C8FA2DB00DCFF33 /* Main.storyboard in Resources */ = {isa = PBXBuildFile; fileRef = A02BD27A1C8FA2DB00DCFF33 /* Main.storyboard */; };
		A02BD27E1C8FA2DB00DCFF33 /* Assets.xcassets in Resources */ = {isa = PBXBuildFile; fileRef = A02BD27D1C8FA2DB00DCFF33 /* Assets.xcassets */; };
		A02BD2811C8FA2DB00DCFF33 /* LaunchScreen.storyboard in Resources */ = {isa = PBXBuildFile; fileRef = A02BD27F1C8FA2DB00DCFF33 /* LaunchScreen.storyboard */; };
/* End PBXBuildFile section */

/* Begin PBXFileReference section */
		A02BD2731C8FA2DB00DCFF33 /* WebKitStarter.app */ = {isa = PBXFileReference; explicitFileType = wrapper.application; includeInIndex = 0; path = WebKitStarter.app; sourceTree = BUILT_PRODUCTS_DIR; };
		A02BD2761C8FA2DB00DCFF33 /* AppDelegate.swift */ = {isa = PBXFileReference; lastKnownFileType = sourcecode.swift; path = AppDelegate.swift; sourceTree = "<group>"; };
		A02BD2781C8FA2DB00DCFF33 /* ViewController.swift */ = {isa = PBXFileReference; lastKnownFileType = sourcecode.swift; path = ViewController.swift; sourceTree = "<group>"; };
		A02BD27B1C8FA2DB00DCFF33 /* Base */ = {isa = PBXFileReference; lastKnownFileType = file.storyboard; name = Base; path = Base.lproj/Main.storyboard; sourceTree = "<group>"; };
		A02BD27D1C8FA2DB00DCFF33 /* Assets.xcassets */ = {isa = PBXFileReference; lastKnownFileType = folder.assetcatalog; path = Assets.xcassets; sourceTree = "<group>"; };
		A02BD2801C8FA2DB00DCFF33 /* Base */ = {isa = PBXFileReference; lastKnownFileType = file.storyboard; name = Base; path = Base.lproj/LaunchScreen.storyboard; sourceTree = "<group>"; };
		A02BD2821C8FA2DB00DCFF33 /* Info.plist */ = {isa = PBXFileReference; lastKnownFileType = text.plist.xml; path = Info.plist; sourceTree = "<group>"; };
/* End PBXFileReference section */

/* Begin PBXFrameworksBuildPhase section */
		A02BD2701C8FA2DB00DCFF33 /* Frameworks */ = {
			isa = PBXFrameworksBuildPhase;
			buildActionMask = 2147483647;
			files = (
			);
			runOnlyForDeploymentPostprocessing = 0;
		};
/* End PBXFrameworksBuildPhase section */

/* Begin PBXGroup section */
		A02BD26A1C8FA2DB00DCFF33 = {
			isa = PBXGroup;
			children = (
				A02BD2751C8FA2DB00DCFF33 /* WebKitStarter */,
				A02BD2741C8FA2DB00DCFF33 /* Products */,
			);
			sourceTree = "<group>";
		};
		A02BD2741C8FA2DB00DCFF33 /* Products */ = {
			isa = PBXGroup;
			children = (
				A02BD2731C8FA2DB00DCFF33 /* WebKitStarter.app */,
			);
			name = Products;
			sourceTree = "<group>";
		};
		A02BD2751C8FA2DB00DCFF33 /* WebKitStarter */ = {
			isa = PBXGroup;
			children = (
				A02BD2761C8FA2DB00DCFF33 /* AppDelegate.swift */,
				A02BD2781C8FA2DB00DCFF33 /* ViewController.swift */,
				A02BD27A1C8FA2DB00DCFF33 /* Main.storyboard */,
				A02BD27D1C8FA2DB00DCFF33 /* Assets.xcassets */,
				A02BD27F1C8FA2DB00DCFF33 /* LaunchScreen.storyboard */,
				A02BD2821C8FA2DB00DCFF33 /* Info.plist */,
			);
			path = WebKitStarter;
			sourceTree = "<group>";
		};
/* End PBXGroup section */

/* Begin PBXNativeTarget section */
		A02BD2721C8FA2DB00DCFF33 /* WebKitStarter */ = {
			isa = PBXNativeTarget;
			buildConfigurationList = A02BD2851C8FA2DB00DCFF33 /* Build configuration list for PBXNativeTarget "WebKitStarter" */;
			buildPhases = (
				A02BD26F1C8FA2DB00DCFF33 /* Sources */,
				A02BD2701C8FA2DB00DCFF33 /* Frameworks */,
				A02BD2711C8FA2DB00DCFF33 /* Resources */,
			);
			buildRules = (
			);
			dependencies = (
			);
			name = WebKitStarter;
			productName = WebKitStarter;
			productReference = A02BD2731C8FA2DB00DCFF33 /* WebKitStarter.app */;
			productType = "com.apple.product-type.application";
		};
/* End PBXNativeTarget section */

/* Begin PBXProject section */
		A02BD26B1C8FA2DB00DCFF33 /* Project object */ = {
			isa = PBXProject;
			attributes = {
				LastSwiftUpdateCheck = 0720;
				LastUpgradeCheck = 0720;
				ORGANIZATIONNAME = lanjing;
				TargetAttributes = {
					A02BD2721C8FA2DB00DCFF33 = {
						CreatedOnToolsVersion = 7.2.1;
						DevelopmentTeam = 5E58DW2PMK;
					};
				};
			};
			buildConfigurationList = A02BD26E1C8FA2DB00DCFF33 /* Build configuration list for PBXProject "WebKitStarter" */;
			compatibilityVersion = "Xcode 3.2";
			developmentRegion = English;
			hasScannedForEncodings = 0;
			knownRegions = (
				en,
				Base,
			);
			mainGroup = A02BD26A1C8FA2DB00DCFF33;
			productRefGroup = A02BD2741C8FA2DB00DCFF33 /* Products */;
			projectDirPath = "";
			projectRoot = "";
			targets = (
				A02BD2721C8FA2DB00DCFF33 /* WebKitStarter */,
			);
		};
/* End PBXProject section */

/* Begin PBXResourcesBuildPhase section */
		A02BD2711C8FA2DB00DCFF33 /* Resources */ = {
			isa = PBXResourcesBuildPhase;
			buildActionMask = 2147483647;
			files = (
				A02BD2811C8FA2DB00DCFF33 /* LaunchScreen.storyboard in Resources */,
				A02BD27E1C8FA2DB00DCFF33 /* Assets.xcassets in Resources */,
				A02BD27C1C8FA2DB00DCFF33 /* Main.storyboard in Resources */,
			);
			runOnlyForDeploymentPostprocessing = 0;
		};
/* End PBXResourcesBuildPhase section */

/* Begin PBXSourcesBuildPhase section */
		A02BD26F1C8FA2DB00DCFF33 /* Sources */ = {
			isa = PBXSourcesBuildPhase;
			buildActionMask = 2147483647;
			files = (
				A02BD2791C8FA2DB00DCFF33 /* ViewController.swift in Sources */,
				A02BD2771C8FA2DB00DCFF33 /* AppDelegate.swift in Sources */,
			);
			runOnlyForDeploymentPostprocessing = 0;
		};
/* End PBXSourcesBuildPhase section */

/* Begin PBXVariantGroup section */
		A02BD27A1C8FA2DB00DCFF33 /* Main.storyboard */ = {
			isa = PBXVariantGroup;
			children = (
				A02BD27B1C8FA2DB00DCFF33 /* Base */,
			);
			name = Main.storyboard;
			sourceTree = "<group>";
		};
		A02BD27F1C8FA2DB00DCFF33 /* LaunchScreen.storyboard */ = {
			isa = PBXVariantGroup;
			children = (
				A02BD2801C8FA2DB00DCFF33 /* Base */,
			);
			name = LaunchScreen.storyboard;
			sourceTree = "<group>";
		};
/* End PBXVariantGroup section */

/* Begin XCBuildConfiguration section */
		A02BD2831C8FA2DB00DCFF33 /* Debug */ = {
			isa = XCBuildConfiguration;
			buildSettings = {
				ALWAYS_SEARCH_USER_PATHS = NO;
				CLANG_CXX_LANGUAGE_STANDARD = "gnu++0x";
				CLANG_CXX_LIBRARY = "libc++";
				CLANG_ENABLE_MODULES = YES;
				CLANG_ENABLE_OBJC_ARC = YES;
				CLANG_WARN_BOOL_CONVERSION = YES;
				CLANG_WARN_CONSTANT_CONVERSION = YES;
				CLANG_WARN_DIRECT_OBJC_ISA_USAGE = YES_ERROR;
				CLANG_WARN_EMPTY_BODY = YES;
				CLANG_WARN_ENUM_CONVERSION = YES;
				CLANG_WARN_INT_CONVERSION = YES;
				CLANG_WARN_OBJC_ROOT_CLASS = YES_ERROR;
				CLANG_WARN_UNREACHABLE_CODE = YES;
				CLANG_WARN__DUPLICATE_METHOD_MATCH = YES;
				"CODE_SIGN_IDENTITY[sdk=iphoneos*]" = "iPhone Developer";
				COPY_PHASE_STRIP = NO;
				DEBUG_INFORMATION_FORMAT = dwarf;
				ENABLE_STRICT_OBJC_MSGSEND = YES;
				ENABLE_TESTABILITY = YES;
				GCC_C_LANGUAGE_STANDARD = gnu99;
				GCC_DYNAMIC_NO_PIC = NO;
				GCC_NO_COMMON_BLOCKS = YES;
				GCC_OPTIMIZATION_LEVEL = 0;
				GCC_PREPROCESSOR_DEFINITIONS = (
					"DEBUG=1",
					"$(inherited)",
				);
				GCC_WARN_64_TO_32_BIT_CONVERSION = YES;
				GCC_WARN_ABOUT_RETURN_TYPE = YES_ERROR;
				GCC_WARN_UNDECLARED_SELECTOR = YES;
				GCC_WARN_UNINITIALIZED_AUTOS = YES_AGGRESSIVE;
				GCC_WARN_UNUSED_FUNCTION = YES;
				GCC_WARN_UNUSED_VARIABLE = YES;
				IPHONEOS_DEPLOYMENT_TARGET = 9.2;
				MTL_ENABLE_DEBUG_INFO = YES;
				ONLY_ACTIVE_ARCH = YES;
				SDKROOT = iphoneos;
				SWIFT_OPTIMIZATION_LEVEL = "-Onone";
				TARGETED_DEVICE_FAMILY = "1,2";
			};
			name = Debug;
		};
		A02BD2841C8FA2DB00DCFF33 /* Release */ = {
			isa = XCBuildConfiguration;
			buildSettings = {
				ALWAYS_SEARCH_USER_PATHS = NO;
				CLANG_CXX_LANGUAGE_STANDARD = "gnu++0x";
				CLANG_CXX_LIBRARY = "libc++";
				CLANG_ENABLE_MODULES = YES;
				CLANG_ENABLE_OBJC_ARC = YES;
				CLANG_WARN_BOOL_CONVERSION = YES;
				CLANG_WARN_CONSTANT_CONVERSION = YES;
				CLANG_WARN_DIRECT_OBJC_ISA_USAGE = YES_ERROR;
				CLANG_WARN_EMPTY_BODY = YES;
				CLANG_WARN_ENUM_CONVERSION = YES;
				CLANG_WARN_INT_CONVERSION = YES;
				CLANG_WARN_OBJC_ROOT_CLASS = YES_ERROR;
				CLANG_WARN_UNREACHABLE_CODE = YES;
				CLANG_WARN__DUPLICATE_METHOD_MATCH = YES;
				"CODE_SIGN_IDENTITY[sdk=iphoneos*]" = "iPhone Developer";
				COPY_PHASE_STRIP = NO;
				DEBUG_INFORMATION_FORMAT = "dwarf-with-dsym";
				ENABLE_NS_ASSERTIONS = NO;
				ENABLE_STRICT_OBJC_MSGSEND = YES;
				GCC_C_LANGUAGE_STANDARD = gnu99;
				GCC_NO_COMMON_BLOCKS = YES;
				GCC_WARN_64_TO_32_BIT_CONVERSION = YES;
				GCC_WARN_ABOUT_RETURN_TYPE = YES_ERROR;
				GCC_WARN_UNDECLARED_SELECTOR = YES;
				GCC_WARN_UNINITIALIZED_AUTOS = YES_AGGRESSIVE;
				GCC_WARN_UNUSED_FUNCTION = YES;
				GCC_WARN_UNUSED_VARIABLE = YES;
				IPHONEOS_DEPLOYMENT_TARGET = 9.2;
				MTL_ENABLE_DEBUG_INFO = NO;
				SDKROOT = iphoneos;
				TARGETED_DEVICE_FAMILY = "1,2";
				VALIDATE_PRODUCT = YES;
			};
			name = Release;
		};
		A02BD2861C8FA2DB00DCFF33 /* Debug */ = {
			isa = XCBuildConfiguration;
			buildSettings = {
				ASSETCATALOG_COMPILER_APPICON_NAME = AppIcon;
				INFOPLIST_FILE = WebKitStarter/Info.plist;
				LD_RUNPATH_SEARCH_PATHS = "$(inherited) @executable_path/Frameworks";
				PRODUCT_BUNDLE_IDENTIFIER = com.waterwood.WebKitStarter;
				PRODUCT_NAME = "$(TARGET_NAME)";
			};
			name = Debug;
		};
		A02BD2871C8FA2DB00DCFF33 /* Release */ = {
			isa = XCBuildConfiguration;
			buildSettings = {
				ASSETCATALOG_COMPILER_APPICON_NAME = AppIcon;
				INFOPLIST_FILE = WebKitStarter/Info.plist;
				LD_RUNPATH_SEARCH_PATHS = "$(inherited) @executable_path/Frameworks";
				PRODUCT_BUNDLE_IDENTIFIER = com.waterwood.WebKitStarter;
				PRODUCT_NAME = "$(TARGET_NAME)";
			};
			name = Release;
		};
/* End XCBuildConfiguration section */

/* Begin XCConfigurationList section */
		A02BD26E1C8FA2DB00DCFF33 /* Build configuration list for PBXProject "WebKitStarter" */ = {
			isa = XCConfigurationList;
			buildConfigurations = (
				A02BD2831C8FA2DB00DCFF33 /* Debug */,
				A02BD2841C8FA2DB00DCFF33 /* Release */,
			);
			defaultConfigurationIsVisible = 0;
			defaultConfigurationName = Release;
		};
		A02BD2851C8FA2DB00DCFF33 /* Build configuration list for PBXNativeTarget "WebKitStarter" */ = {
			isa = XCConfigurationList;
			buildConfigurations = (
				A02BD2861C8FA2DB00DCFF33 /* Debug */,
				A02BD2871C8FA2DB00DCFF33 /* Release */,
			);
			defaultConfigurationIsVisible = 0;
		};
/* End XCConfigurationList section */
	};
	rootObject = A02BD26B1C8FA2DB00DCFF33 /* Project object */;
}
