// !$*UTF8*$!
{
	archiveVersion = 1;
	classes = {
	};
	objectVersion = 46;
	objects = {

/* Begin PBXBuildFile section */
		A028B5B31B55083000ADDE46 /* main.m in Sources */ = {isa = PBXBuildFile; fileRef = A028B5B21B55083000ADDE46 /* main.m */; };
		A028B5B61B55083000ADDE46 /* AppDelegate.m in Sources */ = {isa = PBXBuildFile; fileRef = A028B5B51B55083000ADDE46 /* AppDelegate.m */; };
		A028B5B91B55083000ADDE46 /* ViewController.m in Sources */ = {isa = PBXBuildFile; fileRef = A028B5B81B55083000ADDE46 /* ViewController.m */; };
		A028B5BC1B55083000ADDE46 /* Main.storyboard in Resources */ = {isa = PBXBuildFile; fileRef = A028B5BA1B55083000ADDE46 /* Main.storyboard */; };
		A028B5BE1B55083000ADDE46 /* Images.xcassets in Resources */ = {isa = PBXBuildFile; fileRef = A028B5BD1B55083000ADDE46 /* Images.xcassets */; };
		A028B5C11B55083000ADDE46 /* LaunchScreen.xib in Resources */ = {isa = PBXBuildFile; fileRef = A028B5BF1B55083000ADDE46 /* LaunchScreen.xib */; };
		A028B5CD1B55083100ADDE46 /* WebViewJSContextTests.m in Sources */ = {isa = PBXBuildFile; fileRef = A028B5CC1B55083100ADDE46 /* WebViewJSContextTests.m */; };
		A028B5D81B55087E00ADDE46 /* UIWebView+TS_JavaScriptContext.m in Sources */ = {isa = PBXBuildFile; fileRef = A028B5D71B55087E00ADDE46 /* UIWebView+TS_JavaScriptContext.m */; };
		A028B5DA1B550BCD00ADDE46 /* hello.js in Resources */ = {isa = PBXBuildFile; fileRef = A028B5D91B550BB000ADDE46 /* hello.js */; };
/* End PBXBuildFile section */

/* Begin PBXContainerItemProxy section */
		A028B5C71B55083100ADDE46 /* PBXContainerItemProxy */ = {
			isa = PBXContainerItemProxy;
			containerPortal = A028B5A51B55083000ADDE46 /* Project object */;
			proxyType = 1;
			remoteGlobalIDString = A028B5AC1B55083000ADDE46;
			remoteInfo = WebViewJSContext;
		};
/* End PBXContainerItemProxy section */

/* Begin PBXFileReference section */
		A028B5AD1B55083000ADDE46 /* WebViewJSContext.app */ = {isa = PBXFileReference; explicitFileType = wrapper.application; includeInIndex = 0; path = WebViewJSContext.app; sourceTree = BUILT_PRODUCTS_DIR; };
		A028B5B11B55083000ADDE46 /* Info.plist */ = {isa = PBXFileReference; lastKnownFileType = text.plist.xml; path = Info.plist; sourceTree = "<group>"; };
		A028B5B21B55083000ADDE46 /* main.m */ = {isa = PBXFileReference; lastKnownFileType = sourcecode.c.objc; path = main.m; sourceTree = "<group>"; };
		A028B5B41B55083000ADDE46 /* AppDelegate.h */ = {isa = PBXFileReference; lastKnownFileType = sourcecode.c.h; path = AppDelegate.h; sourceTree = "<group>"; };
		A028B5B51B55083000ADDE46 /* AppDelegate.m */ = {isa = PBXFileReference; lastKnownFileType = sourcecode.c.objc; path = AppDelegate.m; sourceTree = "<group>"; };
		A028B5B71B55083000ADDE46 /* ViewController.h */ = {isa = PBXFileReference; lastKnownFileType = sourcecode.c.h; path = ViewController.h; sourceTree = "<group>"; };
		A028B5B81B55083000ADDE46 /* ViewController.m */ = {isa = PBXFileReference; lastKnownFileType = sourcecode.c.objc; path = ViewController.m; sourceTree = "<group>"; };
		A028B5BB1B55083000ADDE46 /* Base */ = {isa = PBXFileReference; lastKnownFileType = file.storyboard; name = Base; path = Base.lproj/Main.storyboard; sourceTree = "<group>"; };
		A028B5BD1B55083000ADDE46 /* Images.xcassets */ = {isa = PBXFileReference; lastKnownFileType = folder.assetcatalog; path = Images.xcassets; sourceTree = "<group>"; };
		A028B5C01B55083000ADDE46 /* Base */ = {isa = PBXFileReference; lastKnownFileType = file.xib; name = Base; path = Base.lproj/LaunchScreen.xib; sourceTree = "<group>"; };
		A028B5C61B55083100ADDE46 /* WebViewJSContextTests.xctest */ = {isa = PBXFileReference; explicitFileType = wrapper.cfbundle; includeInIndex = 0; path = WebViewJSContextTests.xctest; sourceTree = BUILT_PRODUCTS_DIR; };
		A028B5CB1B55083100ADDE46 /* Info.plist */ = {isa = PBXFileReference; lastKnownFileType = text.plist.xml; path = Info.plist; sourceTree = "<group>"; };
		A028B5CC1B55083100ADDE46 /* WebViewJSContextTests.m */ = {isa = PBXFileReference; lastKnownFileType = sourcecode.c.objc; path = WebViewJSContextTests.m; sourceTree = "<group>"; };
		A028B5D61B55087E00ADDE46 /* UIWebView+TS_JavaScriptContext.h */ = {isa = PBXFileReference; fileEncoding = 4; lastKnownFileType = sourcecode.c.h; path = "UIWebView+TS_JavaScriptContext.h"; sourceTree = "<group>"; };
		A028B5D71B55087E00ADDE46 /* UIWebView+TS_JavaScriptContext.m */ = {isa = PBXFileReference; fileEncoding = 4; lastKnownFileType = sourcecode.c.objc; path = "UIWebView+TS_JavaScriptContext.m"; sourceTree = "<group>"; };
		A028B5D91B550BB000ADDE46 /* hello.js */ = {isa = PBXFileReference; lastKnownFileType = sourcecode.javascript; path = hello.js; sourceTree = "<group>"; };
/* End PBXFileReference section */

/* Begin PBXFrameworksBuildPhase section */
		A028B5AA1B55083000ADDE46 /* Frameworks */ = {
			isa = PBXFrameworksBuildPhase;
			buildActionMask = 2147483647;
			files = (
			);
			runOnlyForDeploymentPostprocessing = 0;
		};
		A028B5C31B55083100ADDE46 /* Frameworks */ = {
			isa = PBXFrameworksBuildPhase;
			buildActionMask = 2147483647;
			files = (
			);
			runOnlyForDeploymentPostprocessing = 0;
		};
/* End PBXFrameworksBuildPhase section */

/* Begin PBXGroup section */
		A028B5A41B55083000ADDE46 = {
			isa = PBXGroup;
			children = (
				A028B5AF1B55083000ADDE46 /* WebViewJSContext */,
				A028B5C91B55083100ADDE46 /* WebViewJSContextTests */,
				A028B5AE1B55083000ADDE46 /* Products */,
			);
			sourceTree = "<group>";
		};
		A028B5AE1B55083000ADDE46 /* Products */ = {
			isa = PBXGroup;
			children = (
				A028B5AD1B55083000ADDE46 /* WebViewJSContext.app */,
				A028B5C61B55083100ADDE46 /* WebViewJSContextTests.xctest */,
			);
			name = Products;
			sourceTree = "<group>";
		};
		A028B5AF1B55083000ADDE46 /* WebViewJSContext */ = {
			isa = PBXGroup;
			children = (
				A028B5B41B55083000ADDE46 /* AppDelegate.h */,
				A028B5B51B55083000ADDE46 /* AppDelegate.m */,
				A028B5B71B55083000ADDE46 /* ViewController.h */,
				A028B5B81B55083000ADDE46 /* ViewController.m */,
				A028B5D91B550BB000ADDE46 /* hello.js */,
				A028B5D61B55087E00ADDE46 /* UIWebView+TS_JavaScriptContext.h */,
				A028B5D71B55087E00ADDE46 /* UIWebView+TS_JavaScriptContext.m */,
				A028B5BA1B55083000ADDE46 /* Main.storyboard */,
				A028B5BD1B55083000ADDE46 /* Images.xcassets */,
				A028B5BF1B55083000ADDE46 /* LaunchScreen.xib */,
				A028B5B01B55083000ADDE46 /* Supporting Files */,
			);
			path = WebViewJSContext;
			sourceTree = "<group>";
		};
		A028B5B01B55083000ADDE46 /* Supporting Files */ = {
			isa = PBXGroup;
			children = (
				A028B5B11B55083000ADDE46 /* Info.plist */,
				A028B5B21B55083000ADDE46 /* main.m */,
			);
			name = "Supporting Files";
			sourceTree = "<group>";
		};
		A028B5C91B55083100ADDE46 /* WebViewJSContextTests */ = {
			isa = PBXGroup;
			children = (
				A028B5CC1B55083100ADDE46 /* WebViewJSContextTests.m */,
				A028B5CA1B55083100ADDE46 /* Supporting Files */,
			);
			path = WebViewJSContextTests;
			sourceTree = "<group>";
		};
		A028B5CA1B55083100ADDE46 /* Supporting Files */ = {
			isa = PBXGroup;
			children = (
				A028B5CB1B55083100ADDE46 /* Info.plist */,
			);
			name = "Supporting Files";
			sourceTree = "<group>";
		};
/* End PBXGroup section */

/* Begin PBXNativeTarget section */
		A028B5AC1B55083000ADDE46 /* WebViewJSContext */ = {
			isa = PBXNativeTarget;
			buildConfigurationList = A028B5D01B55083100ADDE46 /* Build configuration list for PBXNativeTarget "WebViewJSContext" */;
			buildPhases = (
				A028B5A91B55083000ADDE46 /* Sources */,
				A028B5AA1B55083000ADDE46 /* Frameworks */,
				A028B5AB1B55083000ADDE46 /* Resources */,
			);
			buildRules = (
			);
			dependencies = (
			);
			name = WebViewJSContext;
			productName = WebViewJSContext;
			productReference = A028B5AD1B55083000ADDE46 /* WebViewJSContext.app */;
			productType = "com.apple.product-type.application";
		};
		A028B5C51B55083100ADDE46 /* WebViewJSContextTests */ = {
			isa = PBXNativeTarget;
			buildConfigurationList = A028B5D31B55083100ADDE46 /* Build configuration list for PBXNativeTarget "WebViewJSContextTests" */;
			buildPhases = (
				A028B5C21B55083100ADDE46 /* Sources */,
				A028B5C31B55083100ADDE46 /* Frameworks */,
				A028B5C41B55083100ADDE46 /* Resources */,
			);
			buildRules = (
			);
			dependencies = (
				A028B5C81B55083100ADDE46 /* PBXTargetDependency */,
			);
			name = WebViewJSContextTests;
			productName = WebViewJSContextTests;
			productReference = A028B5C61B55083100ADDE46 /* WebViewJSContextTests.xctest */;
			productType = "com.apple.product-type.bundle.unit-test";
		};
/* End PBXNativeTarget section */

/* Begin PBXProject section */
		A028B5A51B55083000ADDE46 /* Project object */ = {
			isa = PBXProject;
			attributes = {
				LastUpgradeCheck = 0630;
				ORGANIZATIONNAME = WaterWood;
				TargetAttributes = {
					A028B5AC1B55083000ADDE46 = {
						CreatedOnToolsVersion = 6.3;
					};
					A028B5C51B55083100ADDE46 = {
						CreatedOnToolsVersion = 6.3;
						TestTargetID = A028B5AC1B55083000ADDE46;
					};
				};
			};
			buildConfigurationList = A028B5A81B55083000ADDE46 /* Build configuration list for PBXProject "WebViewJSContext" */;
			compatibilityVersion = "Xcode 3.2";
			developmentRegion = English;
			hasScannedForEncodings = 0;
			knownRegions = (
				en,
				Base,
			);
			mainGroup = A028B5A41B55083000ADDE46;
			productRefGroup = A028B5AE1B55083000ADDE46 /* Products */;
			projectDirPath = "";
			projectRoot = "";
			targets = (
				A028B5AC1B55083000ADDE46 /* WebViewJSContext */,
				A028B5C51B55083100ADDE46 /* WebViewJSContextTests */,
			);
		};
/* End PBXProject section */

/* Begin PBXResourcesBuildPhase section */
		A028B5AB1B55083000ADDE46 /* Resources */ = {
			isa = PBXResourcesBuildPhase;
			buildActionMask = 2147483647;
			files = (
				A028B5DA1B550BCD00ADDE46 /* hello.js in Resources */,
				A028B5BC1B55083000ADDE46 /* Main.storyboard in Resources */,
				A028B5C11B55083000ADDE46 /* LaunchScreen.xib in Resources */,
				A028B5BE1B55083000ADDE46 /* Images.xcassets in Resources */,
			);
			runOnlyForDeploymentPostprocessing = 0;
		};
		A028B5C41B55083100ADDE46 /* Resources */ = {
			isa = PBXResourcesBuildPhase;
			buildActionMask = 2147483647;
			files = (
			);
			runOnlyForDeploymentPostprocessing = 0;
		};
/* End PBXResourcesBuildPhase section */

/* Begin PBXSourcesBuildPhase section */
		A028B5A91B55083000ADDE46 /* Sources */ = {
			isa = PBXSourcesBuildPhase;
			buildActionMask = 2147483647;
			files = (
				A028B5B91B55083000ADDE46 /* ViewController.m in Sources */,
				A028B5B61B55083000ADDE46 /* AppDelegate.m in Sources */,
				A028B5D81B55087E00ADDE46 /* UIWebView+TS_JavaScriptContext.m in Sources */,
				A028B5B31B55083000ADDE46 /* main.m in Sources */,
			);
			runOnlyForDeploymentPostprocessing = 0;
		};
		A028B5C21B55083100ADDE46 /* Sources */ = {
			isa = PBXSourcesBuildPhase;
			buildActionMask = 2147483647;
			files = (
				A028B5CD1B55083100ADDE46 /* WebViewJSContextTests.m in Sources */,
			);
			runOnlyForDeploymentPostprocessing = 0;
		};
/* End PBXSourcesBuildPhase section */

/* Begin PBXTargetDependency section */
		A028B5C81B55083100ADDE46 /* PBXTargetDependency */ = {
			isa = PBXTargetDependency;
			target = A028B5AC1B55083000ADDE46 /* WebViewJSContext */;
			targetProxy = A028B5C71B55083100ADDE46 /* PBXContainerItemProxy */;
		};
/* End PBXTargetDependency section */

/* Begin PBXVariantGroup section */
		A028B5BA1B55083000ADDE46 /* Main.storyboard */ = {
			isa = PBXVariantGroup;
			children = (
				A028B5BB1B55083000ADDE46 /* Base */,
			);
			name = Main.storyboard;
			sourceTree = "<group>";
		};
		A028B5BF1B55083000ADDE46 /* LaunchScreen.xib */ = {
			isa = PBXVariantGroup;
			children = (
				A028B5C01B55083000ADDE46 /* Base */,
			);
			name = LaunchScreen.xib;
			sourceTree = "<group>";
		};
/* End PBXVariantGroup section */

/* Begin XCBuildConfiguration section */
		A028B5CE1B55083100ADDE46 /* Debug */ = {
			isa = XCBuildConfiguration;
			buildSettings = {
				ALWAYS_SEARCH_USER_PATHS = NO;
				CLANG_CXX_LANGUAGE_STANDARD = "gnu++0x";
				CLANG_CXX_LIBRARY = "libc++";
				CLANG_ENABLE_MODULES = YES;
				CLANG_ENABLE_OBJC_ARC = YES;
				CLANG_WARN_BOOL_CONVERSION = YES;
				CLANG_WARN_CONSTANT_CONVERSION = YES;
				CLANG_WARN_DIRECT_OBJC_ISA_USAGE = YES_ERROR;
				CLANG_WARN_EMPTY_BODY = YES;
				CLANG_WARN_ENUM_CONVERSION = YES;
				CLANG_WARN_INT_CONVERSION = YES;
				CLANG_WARN_OBJC_ROOT_CLASS = YES_ERROR;
				CLANG_WARN_UNREACHABLE_CODE = YES;
				CLANG_WARN__DUPLICATE_METHOD_MATCH = YES;
				"CODE_SIGN_IDENTITY[sdk=iphoneos*]" = "iPhone Developer";
				COPY_PHASE_STRIP = NO;
				DEBUG_INFORMATION_FORMAT = "dwarf-with-dsym";
				ENABLE_STRICT_OBJC_MSGSEND = YES;
				GCC_C_LANGUAGE_STANDARD = gnu99;
				GCC_DYNAMIC_NO_PIC = NO;
				GCC_NO_COMMON_BLOCKS = YES;
				GCC_OPTIMIZATION_LEVEL = 0;
				GCC_PREPROCESSOR_DEFINITIONS = (
					"DEBUG=1",
					"$(inherited)",
				);
				GCC_SYMBOLS_PRIVATE_EXTERN = NO;
				GCC_WARN_64_TO_32_BIT_CONVERSION = YES;
				GCC_WARN_ABOUT_RETURN_TYPE = YES_ERROR;
				GCC_WARN_UNDECLARED_SELECTOR = YES;
				GCC_WARN_UNINITIALIZED_AUTOS = YES_AGGRESSIVE;
				GCC_WARN_UNUSED_FUNCTION = YES;
				GCC_WARN_UNUSED_VARIABLE = YES;
				IPHONEOS_DEPLOYMENT_TARGET = 8.3;
				MTL_ENABLE_DEBUG_INFO = YES;
				ONLY_ACTIVE_ARCH = YES;
				SDKROOT = iphoneos;
			};
			name = Debug;
		};
		A028B5CF1B55083100ADDE46 /* Release */ = {
			isa = XCBuildConfiguration;
			buildSettings = {
				ALWAYS_SEARCH_USER_PATHS = NO;
				CLANG_CXX_LANGUAGE_STANDARD = "gnu++0x";
				CLANG_CXX_LIBRARY = "libc++";
				CLANG_ENABLE_MODULES = YES;
				CLANG_ENABLE_OBJC_ARC = YES;
				CLANG_WARN_BOOL_CONVERSION = YES;
				CLANG_WARN_CONSTANT_CONVERSION = YES;
				CLANG_WARN_DIRECT_OBJC_ISA_USAGE = YES_ERROR;
				CLANG_WARN_EMPTY_BODY = YES;
				CLANG_WARN_ENUM_CONVERSION = YES;
				CLANG_WARN_INT_CONVERSION = YES;
				CLANG_WARN_OBJC_ROOT_CLASS = YES_ERROR;
				CLANG_WARN_UNREACHABLE_CODE = YES;
				CLANG_WARN__DUPLICATE_METHOD_MATCH = YES;
				"CODE_SIGN_IDENTITY[sdk=iphoneos*]" = "iPhone Developer";
				COPY_PHASE_STRIP = NO;
				DEBUG_INFORMATION_FORMAT = "dwarf-with-dsym";
				ENABLE_NS_ASSERTIONS = NO;
				ENABLE_STRICT_OBJC_MSGSEND = YES;
				GCC_C_LANGUAGE_STANDARD = gnu99;
				GCC_NO_COMMON_BLOCKS = YES;
				GCC_WARN_64_TO_32_BIT_CONVERSION = YES;
				GCC_WARN_ABOUT_RETURN_TYPE = YES_ERROR;
				GCC_WARN_UNDECLARED_SELECTOR = YES;
				GCC_WARN_UNINITIALIZED_AUTOS = YES_AGGRESSIVE;
				GCC_WARN_UNUSED_FUNCTION = YES;
				GCC_WARN_UNUSED_VARIABLE = YES;
				IPHONEOS_DEPLOYMENT_TARGET = 8.3;
				MTL_ENABLE_DEBUG_INFO = NO;
				SDKROOT = iphoneos;
				VALIDATE_PRODUCT = YES;
			};
			name = Release;
		};
		A028B5D11B55083100ADDE46 /* Debug */ = {
			isa = XCBuildConfiguration;
			buildSettings = {
				ASSETCATALOG_COMPILER_APPICON_NAME = AppIcon;
				INFOPLIST_FILE = WebViewJSContext/Info.plist;
				LD_RUNPATH_SEARCH_PATHS = "$(inherited) @executable_path/Frameworks";
				PRODUCT_NAME = "$(TARGET_NAME)";
			};
			name = Debug;
		};
		A028B5D21B55083100ADDE46 /* Release */ = {
			isa = XCBuildConfiguration;
			buildSettings = {
				ASSETCATALOG_COMPILER_APPICON_NAME = AppIcon;
				INFOPLIST_FILE = WebViewJSContext/Info.plist;
				LD_RUNPATH_SEARCH_PATHS = "$(inherited) @executable_path/Frameworks";
				PRODUCT_NAME = "$(TARGET_NAME)";
			};
			name = Release;
		};
		A028B5D41B55083100ADDE46 /* Debug */ = {
			isa = XCBuildConfiguration;
			buildSettings = {
				BUNDLE_LOADER = "$(TEST_HOST)";
				FRAMEWORK_SEARCH_PATHS = (
					"$(SDKROOT)/Developer/Library/Frameworks",
					"$(inherited)",
				);
				GCC_PREPROCESSOR_DEFINITIONS = (
					"DEBUG=1",
					"$(inherited)",
				);
				INFOPLIST_FILE = WebViewJSContextTests/Info.plist;
				LD_RUNPATH_SEARCH_PATHS = "$(inherited) @executable_path/Frameworks @loader_path/Frameworks";
				PRODUCT_NAME = "$(TARGET_NAME)";
				TEST_HOST = "$(BUILT_PRODUCTS_DIR)/WebViewJSContext.app/WebViewJSContext";
			};
			name = Debug;
		};
		A028B5D51B55083100ADDE46 /* Release */ = {
			isa = XCBuildConfiguration;
			buildSettings = {
				BUNDLE_LOADER = "$(TEST_HOST)";
				FRAMEWORK_SEARCH_PATHS = (
					"$(SDKROOT)/Developer/Library/Frameworks",
					"$(inherited)",
				);
				INFOPLIST_FILE = WebViewJSContextTests/Info.plist;
				LD_RUNPATH_SEARCH_PATHS = "$(inherited) @executable_path/Frameworks @loader_path/Frameworks";
				PRODUCT_NAME = "$(TARGET_NAME)";
				TEST_HOST = "$(BUILT_PRODUCTS_DIR)/WebViewJSContext.app/WebViewJSContext";
			};
			name = Release;
		};
/* End XCBuildConfiguration section */

/* Begin XCConfigurationList section */
		A028B5A81B55083000ADDE46 /* Build configuration list for PBXProject "WebViewJSContext" */ = {
			isa = XCConfigurationList;
			buildConfigurations = (
				A028B5CE1B55083100ADDE46 /* Debug */,
				A028B5CF1B55083100ADDE46 /* Release */,
			);
			defaultConfigurationIsVisible = 0;
			defaultConfigurationName = Release;
		};
		A028B5D01B55083100ADDE46 /* Build configuration list for PBXNativeTarget "WebViewJSContext" */ = {
			isa = XCConfigurationList;
			buildConfigurations = (
				A028B5D11B55083100ADDE46 /* Debug */,
				A028B5D21B55083100ADDE46 /* Release */,
			);
			defaultConfigurationIsVisible = 0;
		};
		A028B5D31B55083100ADDE46 /* Build configuration list for PBXNativeTarget "WebViewJSContextTests" */ = {
			isa = XCConfigurationList;
			buildConfigurations = (
				A028B5D41B55083100ADDE46 /* Debug */,
				A028B5D51B55083100ADDE46 /* Release */,
			);
			defaultConfigurationIsVisible = 0;
		};
/* End XCConfigurationList section */
	};
	rootObject = A028B5A51B55083000ADDE46 /* Project object */;
}
